
Microsoft Visual Studio Solution File, Format Version 12.00
# Visual Studio Version 16
VisualStudioVersion = 16.0.31129.286
MinimumVisualStudioVersion = 10.0.40219.1
Project("{9A19103F-16F7-4668-BE54-9A1E7A4F7556}") = "RPGCharacters", "RPGCharacters\RPGCharacters.csproj", "{2FB7A7EE-905A-4618-87AD-ABF68399CD84}"
EndProject
Project("{FAE04EC0-301F-11D3-BF4B-00C04F79EFBC}") = "RPGCharactersTests", "ApplicationTests\RPGCharactersTests.csproj", "{7BC0DB78-7374-4637-A8CA-35FBD540A2AE}"
EndProject
Global
	GlobalSection(SolutionConfigurationPlatforms) = preSolution
		Debug|Any CPU = Debug|Any CPU
		Release|Any CPU = Release|Any CPU
	EndGlobalSection
	GlobalSection(ProjectConfigurationPlatforms) = postSolution
		{2FB7A7EE-905A-4618-87AD-ABF68399CD84}.Debug|Any CPU.ActiveCfg = Debug|Any CPU
		{2FB7A7EE-905A-4618-87AD-ABF68399CD84}.Debug|Any CPU.Build.0 = Debug|Any CPU
		{2FB7A7EE-905A-4618-87AD-ABF68399CD84}.Release|Any CPU.ActiveCfg = Release|Any CPU
		{2FB7A7EE-905A-4618-87AD-ABF68399CD84}.Release|Any CPU.Build.0 = Release|Any CPU
		{7BC0DB78-7374-4637-A8CA-35FBD540A2AE}.Debug|Any CPU.ActiveCfg = Debug|Any CPU
		{7BC0DB78-7374-4637-A8CA-35FBD540A2AE}.Debug|Any CPU.Build.0 = Debug|Any CPU
		{7BC0DB78-7374-4637-A8CA-35FBD540A2AE}.Release|Any CPU.ActiveCfg = Release|Any CPU
		{7BC0DB78-7374-4637-A8CA-35FBD540A2AE}.Release|Any CPU.Build.0 = Release|Any CPU
	EndGlobalSection
	GlobalSection(SolutionProperties) = preSolution
		HideSolutionNode = FALSE
	EndGlobalSection
	GlobalSection(ExtensibilityGlobals) = postSolution
		SolutionGuid = {CDB03C21-DE9F-4CBC-8599-747BB24C0237}
	EndGlobalSection
EndGlobal
